PODS:
  - Action (3.8.0):
    - RxCocoa (~> 4.3.0)
    - RxSwift (~> 4.3.0)
  - AVOSCloud (11.6.3)
  - ChameleonFramework/Default (2.1.0)
  - ChameleonFramework/Swift (2.1.0):
    - ChameleonFramework/Default
  - CSStickyHeaderFlowLayout (0.2.11)
  - Differentiator (3.1.0)
  - FlexibleImage (1.10)
  - Hero (1.4.0)
  - JXSegmentedView (0.0.13)
  - ParallaxHeader (2.0.0)
  - PKHUD (5.2.0)
  - PryntTrimmerView (3.0.0)
  - ReactorKit (1.2.0):
    - RxSwift (>= 4.0.0)
  - Realm (3.11.0):
    - Realm/Headers (= 3.11.0)
  - Realm/Headers (3.11.0)
  - RealmSwift (3.11.0):
    - Realm (= 3.11.0)
  - RxCocoa (4.3.1):
    - RxSwift (~> 4.0)
  - RxDataSources (3.1.0):
    - Differentiator (~> 3.0)
    - RxCocoa (~> 4.0)
    - RxSwift (~> 4.0)
  - RxRealm (0.7.5):
    - RealmSwift (~> 3.0)
    - RxSwift (~> 4.0)
  - RxSwift (4.3.1)
  - SnapKit (4.2.0)
  - Spring (1.0.6)
  - SteviaLayout (4.4.0)
  - Then (2.4.0)
  - YPImagePicker (3.5.2):
    - PryntTrimmerView (~> 3.0.0)
    - SteviaLayout (~> 4.4.0)

DEPENDENCIES:
  - Action
  - AVOSCloud
  - ChameleonFramework/Swift (from `https://github.com/ViccAlexander/Chameleon.git`)
  - CSStickyHeaderFlowLayout
  - FlexibleImage
  - Hero (from `https://github.com/HeroTransitions/Hero.git`, branch `swift-4.2`)
  - JXSegmentedView
  - ParallaxHeader (from `https://github.com/FreezeSwifter/ParallaxHeader.git`)
  - PKHUD (= 5.2.0)
  - ReactorKit
  - RealmSwift
  - RxCocoa
  - RxDataSources
  - RxRealm
  - RxSwift
  - SnapKit
  - Spring (from `https://github.com/MengTo/Spring.git`)
  - Then
  - YPImagePicker

SPEC REPOS:
  https://github.com/cocoapods/specs.git:
    - Action
    - AVOSCloud
    - CSStickyHeaderFlowLayout
    - Differentiator
    - FlexibleImage
    - JXSegmentedView
    - PKHUD
    - PryntTrimmerView
    - ReactorKit
    - Realm
    - RealmSwift
    - RxCocoa
    - RxDataSources
    - RxRealm
    - RxSwift
    - SnapKit
    - SteviaLayout
    - Then
    - YPImagePicker

EXTERNAL SOURCES:
  ChameleonFramework:
    :git: https://github.com/ViccAlexander/Chameleon.git
  Hero:
    :branch: swift-4.2
    :git: https://github.com/HeroTransitions/Hero.git
  ParallaxHeader:
    :git: https://github.com/FreezeSwifter/ParallaxHeader.git
  Spring:
    :git: https://github.com/MengTo/Spring.git

CHECKOUT OPTIONS:
  ChameleonFramework:
    :commit: 6dd284bde21ea2e7f9fd89bc36f40df16e16369d
    :git: https://github.com/ViccAlexander/Chameleon.git
  Hero:
    :commit: 85be93ff80247296ee17f340bef73cfeb18c9fa0
    :git: https://github.com/HeroTransitions/Hero.git
  ParallaxHeader:
    :commit: b74bf882b1546f572eb0899828041d5dcc260141
    :git: https://github.com/FreezeSwifter/ParallaxHeader.git
  Spring:
    :commit: fafd0b2e8d4d46405bd86fa7ba84bb7f73a20b13
    :git: https://github.com/MengTo/Spring.git

SPEC CHECKSUMS:
  Action: 2275d04a407ecaf46a58d58a304388a28155a0a1
  AVOSCloud: 3148cbb1d05be4e479cffa206f147ef09a470fdf
  ChameleonFramework: d21a3cc247abfe5e37609a283a8238b03575cf64
  CSStickyHeaderFlowLayout: e9bcb1762413f49d7d09e5bd0ae5efd1100116b7
  Differentiator: be49ca3408f0ecfc761e4c7763d20c62be01b9ad
  FlexibleImage: 22bf26c42f1b6299b94bc5001e6ec310c94e6786
  Hero: bac92350d7201a1a940003e0767c7b52ce7c99a1
  JXSegmentedView: adb975e3af18ba9934e9fd3740e536173eb468ab
  ParallaxHeader: 06a25d4063ea007c03f0e4e3901827f665877c5f
  PKHUD: dd5357ac65f26115c35c4a68e9b328053326c5fe
  PryntTrimmerView: 53ac64053c7ce63cb3e27f54090f52da0734891d
  ReactorKit: 18ca466f1e77fef1827addeb921fba8ae14edd63
  Realm: 92f09a102692b96a9a10e9617f214f15c5ab85fc
  RealmSwift: 5f0481cd658bb751c509314b964a35eaa264d2cf
  RxCocoa: 78763c7b07d02455598d9fc3c1ad091a28b73635
  RxDataSources: a843bad90c29817f5923ec8163f4af2de084ceb3
  RxRealm: a6c6c0a07cb61f34209969ca6657734edfdfff30
  RxSwift: fe0fd770a43acdb7d0a53da411c9b892e69bb6e4
  SnapKit: fe8a619752f3f27075cc9a90244d75c6c3f27e2a
  Spring: 3d113f14575ef79aec9c5f906dfa4f5001c03254
  SteviaLayout: dd74d1abd127bbf0ce346ac9430441684fe427d0
  Then: 71866660c7af35a7343831f7668e7cd2b62ee0f2
  YPImagePicker: 26d5bf7bfe1cffd1c5eedea3ac60422b314e2a42

PODFILE CHECKSUM: 13f42e05daaab113b3546dd087c1c4b84021c21f

COCOAPODS: 1.5.3
